// !$*UTF8*$!
{
	archiveVersion = 1;
	classes = {
	};
	objectVersion = 46;
	objects = {

/* Begin PBXBuildFile section */
		2BF47F4820E4E8D10044E886 /* AppDelegate.swift in Sources */ = {isa = PBXBuildFile; fileRef = 2BF47F4720E4E8D10044E886 /* AppDelegate.swift */; };
		2BF47F4A20E4E8D10044E886 /* ViewController.swift in Sources */ = {isa = PBXBuildFile; fileRef = 2BF47F4920E4E8D10044E886 /* ViewController.swift */; };
		2BF47F4D20E4E8D10044E886 /* Main.storyboard in Resources */ = {isa = PBXBuildFile; fileRef = 2BF47F4B20E4E8D10044E886 /* Main.storyboard */; };
		2BF47F4F20E4E8D10044E886 /* Assets.xcassets in Resources */ = {isa = PBXBuildFile; fileRef = 2BF47F4E20E4E8D10044E886 /* Assets.xcassets */; };
		2BF47F5220E4E8D10044E886 /* LaunchScreen.storyboard in Resources */ = {isa = PBXBuildFile; fileRef = 2BF47F5020E4E8D10044E886 /* LaunchScreen.storyboard */; };
		2BF47F5D20E4E8D10044E886 /* quadratic_equation_solverTests.swift in Sources */ = {isa = PBXBuildFile; fileRef = 2BF47F5C20E4E8D10044E886 /* quadratic_equation_solverTests.swift */; };
		2BF47F6820E4E8D10044E886 /* quadratic_equation_solverUITests.swift in Sources */ = {isa = PBXBuildFile; fileRef = 2BF47F6720E4E8D10044E886 /* quadratic_equation_solverUITests.swift */; };
/* End PBXBuildFile section */

/* Begin PBXContainerItemProxy section */
		2BF47F5920E4E8D10044E886 /* PBXContainerItemProxy */ = {
			isa = PBXContainerItemProxy;
			containerPortal = 2BF47F3C20E4E8D10044E886 /* Project object */;
			proxyType = 1;
			remoteGlobalIDString = 2BF47F4320E4E8D10044E886;
			remoteInfo = "quadratic equation solver";
		};
		2BF47F6420E4E8D10044E886 /* PBXContainerItemProxy */ = {
			isa = PBXContainerItemProxy;
			containerPortal = 2BF47F3C20E4E8D10044E886 /* Project object */;
			proxyType = 1;
			remoteGlobalIDString = 2BF47F4320E4E8D10044E886;
			remoteInfo = "quadratic equation solver";
		};
/* End PBXContainerItemProxy section */

/* Begin PBXFileReference section */
		2BF47F4420E4E8D10044E886 /* quadratic equation solver.app */ = {isa = PBXFileReference; explicitFileType = wrapper.application; includeInIndex = 0; path = "quadratic equation solver.app"; sourceTree = BUILT_PRODUCTS_DIR; };
		2BF47F4720E4E8D10044E886 /* AppDelegate.swift */ = {isa = PBXFileReference; lastKnownFileType = sourcecode.swift; path = AppDelegate.swift; sourceTree = "<group>"; };
		2BF47F4920E4E8D10044E886 /* ViewController.swift */ = {isa = PBXFileReference; lastKnownFileType = sourcecode.swift; path = ViewController.swift; sourceTree = "<group>"; };
		2BF47F4C20E4E8D10044E886 /* Base */ = {isa = PBXFileReference; lastKnownFileType = file.storyboard; name = Base; path = Base.lproj/Main.storyboard; sourceTree = "<group>"; };
		2BF47F4E20E4E8D10044E886 /* Assets.xcassets */ = {isa = PBXFileReference; lastKnownFileType = folder.assetcatalog; path = Assets.xcassets; sourceTree = "<group>"; };
		2BF47F5120E4E8D10044E886 /* Base */ = {isa = PBXFileReference; lastKnownFileType = file.storyboard; name = Base; path = Base.lproj/LaunchScreen.storyboard; sourceTree = "<group>"; };
		2BF47F5320E4E8D10044E886 /* Info.plist */ = {isa = PBXFileReference; lastKnownFileType = text.plist.xml; path = Info.plist; sourceTree = "<group>"; };
		2BF47F5820E4E8D10044E886 /* quadratic equation solverTests.xctest */ = {isa = PBXFileReference; explicitFileType = wrapper.cfbundle; includeInIndex = 0; path = "quadratic equation solverTests.xctest"; sourceTree = BUILT_PRODUCTS_DIR; };
		2BF47F5C20E4E8D10044E886 /* quadratic_equation_solverTests.swift */ = {isa = PBXFileReference; lastKnownFileType = sourcecode.swift; path = quadratic_equation_solverTests.swift; sourceTree = "<group>"; };
		2BF47F5E20E4E8D10044E886 /* Info.plist */ = {isa = PBXFileReference; lastKnownFileType = text.plist.xml; path = Info.plist; sourceTree = "<group>"; };
		2BF47F6320E4E8D10044E886 /* quadratic equation solverUITests.xctest */ = {isa = PBXFileReference; explicitFileType = wrapper.cfbundle; includeInIndex = 0; path = "quadratic equation solverUITests.xctest"; sourceTree = BUILT_PRODUCTS_DIR; };
		2BF47F6720E4E8D10044E886 /* quadratic_equation_solverUITests.swift */ = {isa = PBXFileReference; lastKnownFileType = sourcecode.swift; path = quadratic_equation_solverUITests.swift; sourceTree = "<group>"; };
		2BF47F6920E4E8D10044E886 /* Info.plist */ = {isa = PBXFileReference; lastKnownFileType = text.plist.xml; path = Info.plist; sourceTree = "<group>"; };
/* End PBXFileReference section */

/* Begin PBXFrameworksBuildPhase section */
		2BF47F4120E4E8D10044E886 /* Frameworks */ = {
			isa = PBXFrameworksBuildPhase;
			buildActionMask = 2147483647;
			files = (
			);
			runOnlyForDeploymentPostprocessing = 0;
		};
		2BF47F5520E4E8D10044E886 /* Frameworks */ = {
			isa = PBXFrameworksBuildPhase;
			buildActionMask = 2147483647;
			files = (
			);
			runOnlyForDeploymentPostprocessing = 0;
		};
		2BF47F6020E4E8D10044E886 /* Frameworks */ = {
			isa = PBXFrameworksBuildPhase;
			buildActionMask = 2147483647;
			files = (
			);
			runOnlyForDeploymentPostprocessing = 0;
		};
/* End PBXFrameworksBuildPhase section */

/* Begin PBXGroup section */
		2BF47F3B20E4E8D10044E886 = {
			isa = PBXGroup;
			children = (
				2BF47F4620E4E8D10044E886 /* quadratic equation solver */,
				2BF47F5B20E4E8D10044E886 /* quadratic equation solverTests */,
				2BF47F6620E4E8D10044E886 /* quadratic equation solverUITests */,
				2BF47F4520E4E8D10044E886 /* Products */,
			);
			sourceTree = "<group>";
		};
		2BF47F4520E4E8D10044E886 /* Products */ = {
			isa = PBXGroup;
			children = (
				2BF47F4420E4E8D10044E886 /* quadratic equation solver.app */,
				2BF47F5820E4E8D10044E886 /* quadratic equation solverTests.xctest */,
				2BF47F6320E4E8D10044E886 /* quadratic equation solverUITests.xctest */,
			);
			name = Products;
			sourceTree = "<group>";
		};
		2BF47F4620E4E8D10044E886 /* quadratic equation solver */ = {
			isa = PBXGroup;
			children = (
				2BF47F4720E4E8D10044E886 /* AppDelegate.swift */,
				2BF47F4920E4E8D10044E886 /* ViewController.swift */,
				2BF47F4B20E4E8D10044E886 /* Main.storyboard */,
				2BF47F4E20E4E8D10044E886 /* Assets.xcassets */,
				2BF47F5020E4E8D10044E886 /* LaunchScreen.storyboard */,
				2BF47F5320E4E8D10044E886 /* Info.plist */,
			);
			path = "quadratic equation solver";
			sourceTree = "<group>";
		};
		2BF47F5B20E4E8D10044E886 /* quadratic equation solverTests */ = {
			isa = PBXGroup;
			children = (
				2BF47F5C20E4E8D10044E886 /* quadratic_equation_solverTests.swift */,
				2BF47F5E20E4E8D10044E886 /* Info.plist */,
			);
			path = "quadratic equation solverTests";
			sourceTree = "<group>";
		};
		2BF47F6620E4E8D10044E886 /* quadratic equation solverUITests */ = {
			isa = PBXGroup;
			children = (
				2BF47F6720E4E8D10044E886 /* quadratic_equation_solverUITests.swift */,
				2BF47F6920E4E8D10044E886 /* Info.plist */,
			);
			path = "quadratic equation solverUITests";
			sourceTree = "<group>";
		};
/* End PBXGroup section */

/* Begin PBXNativeTarget section */
		2BF47F4320E4E8D10044E886 /* quadratic equation solver */ = {
			isa = PBXNativeTarget;
			buildConfigurationList = 2BF47F6C20E4E8D10044E886 /* Build configuration list for PBXNativeTarget "quadratic equation solver" */;
			buildPhases = (
				2BF47F4020E4E8D10044E886 /* Sources */,
				2BF47F4120E4E8D10044E886 /* Frameworks */,
				2BF47F4220E4E8D10044E886 /* Resources */,
			);
			buildRules = (
			);
			dependencies = (
			);
			name = "quadratic equation solver";
			productName = "quadratic equation solver";
			productReference = 2BF47F4420E4E8D10044E886 /* quadratic equation solver.app */;
			productType = "com.apple.product-type.application";
		};
		2BF47F5720E4E8D10044E886 /* quadratic equation solverTests */ = {
			isa = PBXNativeTarget;
			buildConfigurationList = 2BF47F6F20E4E8D10044E886 /* Build configuration list for PBXNativeTarget "quadratic equation solverTests" */;
			buildPhases = (
				2BF47F5420E4E8D10044E886 /* Sources */,
				2BF47F5520E4E8D10044E886 /* Frameworks */,
				2BF47F5620E4E8D10044E886 /* Resources */,
			);
			buildRules = (
			);
			dependencies = (
				2BF47F5A20E4E8D10044E886 /* PBXTargetDependency */,
			);
			name = "quadratic equation solverTests";
			productName = "quadratic equation solverTests";
			productReference = 2BF47F5820E4E8D10044E886 /* quadratic equation solverTests.xctest */;
			productType = "com.apple.product-type.bundle.unit-test";
		};
		2BF47F6220E4E8D10044E886 /* quadratic equation solverUITests */ = {
			isa = PBXNativeTarget;
			buildConfigurationList = 2BF47F7220E4E8D10044E886 /* Build configuration list for PBXNativeTarget "quadratic equation solverUITests" */;
			buildPhases = (
				2BF47F5F20E4E8D10044E886 /* Sources */,
				2BF47F6020E4E8D10044E886 /* Frameworks */,
				2BF47F6120E4E8D10044E886 /* Resources */,
			);
			buildRules = (
			);
			dependencies = (
				2BF47F6520E4E8D10044E886 /* PBXTargetDependency */,
			);
			name = "quadratic equation solverUITests";
			productName = "quadratic equation solverUITests";
			productReference = 2BF47F6320E4E8D10044E886 /* quadratic equation solverUITests.xctest */;
			productType = "com.apple.product-type.bundle.ui-testing";
		};
/* End PBXNativeTarget section */

/* Begin PBXProject section */
		2BF47F3C20E4E8D10044E886 /* Project object */ = {
			isa = PBXProject;
			attributes = {
				LastSwiftUpdateCheck = 0820;
				LastUpgradeCheck = 0820;
				ORGANIZATIONNAME = "Shalaby Apps";
				TargetAttributes = {
					2BF47F4320E4E8D10044E886 = {
						CreatedOnToolsVersion = 8.2.1;
						ProvisioningStyle = Automatic;
					};
					2BF47F5720E4E8D10044E886 = {
						CreatedOnToolsVersion = 8.2.1;
						ProvisioningStyle = Automatic;
						TestTargetID = 2BF47F4320E4E8D10044E886;
					};
					2BF47F6220E4E8D10044E886 = {
						CreatedOnToolsVersion = 8.2.1;
						ProvisioningStyle = Automatic;
						TestTargetID = 2BF47F4320E4E8D10044E886;
					};
				};
			};
			buildConfigurationList = 2BF47F3F20E4E8D10044E886 /* Build configuration list for PBXProject "quadratic equation solver" */;
			compatibilityVersion = "Xcode 3.2";
			developmentRegion = English;
			hasScannedForEncodings = 0;
			knownRegions = (
				en,
				Base,
			);
			mainGroup = 2BF47F3B20E4E8D10044E886;
			productRefGroup = 2BF47F4520E4E8D10044E886 /* Products */;
			projectDirPath = "";
			projectRoot = "";
			targets = (
				2BF47F4320E4E8D10044E886 /* quadratic equation solver */,
				2BF47F5720E4E8D10044E886 /* quadratic equation solverTests */,
				2BF47F6220E4E8D10044E886 /* quadratic equation solverUITests */,
			);
		};
/* End PBXProject section */

/* Begin PBXResourcesBuildPhase section */
		2BF47F4220E4E8D10044E886 /* Resources */ = {
			isa = PBXResourcesBuildPhase;
			buildActionMask = 2147483647;
			files = (
				2BF47F5220E4E8D10044E886 /* LaunchScreen.storyboard in Resources */,
				2BF47F4F20E4E8D10044E886 /* Assets.xcassets in Resources */,
				2BF47F4D20E4E8D10044E886 /* Main.storyboard in Resources */,
			);
			runOnlyForDeploymentPostprocessing = 0;
		};
		2BF47F5620E4E8D10044E886 /* Resources */ = {
			isa = PBXResourcesBuildPhase;
			buildActionMask = 2147483647;
			files = (
			);
			runOnlyForDeploymentPostprocessing = 0;
		};
		2BF47F6120E4E8D10044E886 /* Resources */ = {
			isa = PBXResourcesBuildPhase;
			buildActionMask = 2147483647;
			files = (
			);
			runOnlyForDeploymentPostprocessing = 0;
		};
/* End PBXResourcesBuildPhase section */

/* Begin PBXSourcesBuildPhase section */
		2BF47F4020E4E8D10044E886 /* Sources */ = {
			isa = PBXSourcesBuildPhase;
			buildActionMask = 2147483647;
			files = (
				2BF47F4A20E4E8D10044E886 /* ViewController.swift in Sources */,
				2BF47F4820E4E8D10044E886 /* AppDelegate.swift in Sources */,
			);
			runOnlyForDeploymentPostprocessing = 0;
		};
		2BF47F5420E4E8D10044E886 /* Sources */ = {
			isa = PBXSourcesBuildPhase;
			buildActionMask = 2147483647;
			files = (
				2BF47F5D20E4E8D10044E886 /* quadratic_equation_solverTests.swift in Sources */,
			);
			runOnlyForDeploymentPostprocessing = 0;
		};
		2BF47F5F20E4E8D10044E886 /* Sources */ = {
			isa = PBXSourcesBuildPhase;
			buildActionMask = 2147483647;
			files = (
				2BF47F6820E4E8D10044E886 /* quadratic_equation_solverUITests.swift in Sources */,
			);
			runOnlyForDeploymentPostprocessing = 0;
		};
/* End PBXSourcesBuildPhase section */

/* Begin PBXTargetDependency section */
		2BF47F5A20E4E8D10044E886 /* PBXTargetDependency */ = {
			isa = PBXTargetDependency;
			target = 2BF47F4320E4E8D10044E886 /* quadratic equation solver */;
			targetProxy = 2BF47F5920E4E8D10044E886 /* PBXContainerItemProxy */;
		};
		2BF47F6520E4E8D10044E886 /* PBXTargetDependency */ = {
			isa = PBXTargetDependency;
			target = 2BF47F4320E4E8D10044E886 /* quadratic equation solver */;
			targetProxy = 2BF47F6420E4E8D10044E886 /* PBXContainerItemProxy */;
		};
/* End PBXTargetDependency section */

/* Begin PBXVariantGroup section */
		2BF47F4B20E4E8D10044E886 /* Main.storyboard */ = {
			isa = PBXVariantGroup;
			children = (
				2BF47F4C20E4E8D10044E886 /* Base */,
			);
			name = Main.storyboard;
			sourceTree = "<group>";
		};
		2BF47F5020E4E8D10044E886 /* LaunchScreen.storyboard */ = {
			isa = PBXVariantGroup;
			children = (
				2BF47F5120E4E8D10044E886 /* Base */,
			);
			name = LaunchScreen.storyboard;
			sourceTree = "<group>";
		};
/* End PBXVariantGroup section */

/* Begin XCBuildConfiguration section */
		2BF47F6A20E4E8D10044E886 /* Debug */ = {
			isa = XCBuildConfiguration;
			buildSettings = {
				ALWAYS_SEARCH_USER_PATHS = NO;
				CLANG_ANALYZER_NONNULL = YES;
				CLANG_CXX_LANGUAGE_STANDARD = "gnu++0x";
				CLANG_CXX_LIBRARY = "libc++";
				CLANG_ENABLE_MODULES = YES;
				CLANG_ENABLE_OBJC_ARC = YES;
				CLANG_WARN_BOOL_CONVERSION = YES;
				CLANG_WARN_CONSTANT_CONVERSION = YES;
				CLANG_WARN_DIRECT_OBJC_ISA_USAGE = YES_ERROR;
				CLANG_WARN_DOCUMENTATION_COMMENTS = YES;
				CLANG_WARN_EMPTY_BODY = YES;
				CLANG_WARN_ENUM_CONVERSION = YES;
				CLANG_WARN_INFINITE_RECURSION = YES;
				CLANG_WARN_INT_CONVERSION = YES;
				CLANG_WARN_OBJC_ROOT_CLASS = YES_ERROR;
				CLANG_WARN_SUSPICIOUS_MOVE = YES;
				CLANG_WARN_UNREACHABLE_CODE = YES;
				CLANG_WARN__DUPLICATE_METHOD_MATCH = YES;
				"CODE_SIGN_IDENTITY[sdk=iphoneos*]" = "iPhone Developer";
				COPY_PHASE_STRIP = NO;
				DEBUG_INFORMATION_FORMAT = dwarf;
				ENABLE_STRICT_OBJC_MSGSEND = YES;
				ENABLE_TESTABILITY = YES;
				GCC_C_LANGUAGE_STANDARD = gnu99;
				GCC_DYNAMIC_NO_PIC = NO;
				GCC_NO_COMMON_BLOCKS = YES;
				GCC_OPTIMIZATION_LEVEL = 0;
				GCC_PREPROCESSOR_DEFINITIONS = (
					"DEBUG=1",
					"$(inherited)",
				);
				GCC_WARN_64_TO_32_BIT_CONVERSION = YES;
				GCC_WARN_ABOUT_RETURN_TYPE = YES_ERROR;
				GCC_WARN_UNDECLARED_SELECTOR = YES;
				GCC_WARN_UNINITIALIZED_AUTOS = YES_AGGRESSIVE;
				GCC_WARN_UNUSED_FUNCTION = YES;
				GCC_WARN_UNUSED_VARIABLE = YES;
				IPHONEOS_DEPLOYMENT_TARGET = 10.2;
				MTL_ENABLE_DEBUG_INFO = YES;
				ONLY_ACTIVE_ARCH = YES;
				SDKROOT = iphoneos;
				SWIFT_ACTIVE_COMPILATION_CONDITIONS = DEBUG;
				SWIFT_OPTIMIZATION_LEVEL = "-Onone";
				TARGETED_DEVICE_FAMILY = "1,2";
			};
			name = Debug;
		};
		2BF47F6B20E4E8D10044E886 /* Release */ = {
			isa = XCBuildConfiguration;
			buildSettings = {
				ALWAYS_SEARCH_USER_PATHS = NO;
				CLANG_ANALYZER_NONNULL = YES;
				CLANG_CXX_LANGUAGE_STANDARD = "gnu++0x";
				CLANG_CXX_LIBRARY = "libc++";
				CLANG_ENABLE_MODULES = YES;
				CLANG_ENABLE_OBJC_ARC = YES;
				CLANG_WARN_BOOL_CONVERSION = YES;
				CLANG_WARN_CONSTANT_CONVERSION = YES;
				CLANG_WARN_DIRECT_OBJC_ISA_USAGE = YES_ERROR;
				CLANG_WARN_DOCUMENTATION_COMMENTS = YES;
				CLANG_WARN_EMPTY_BODY = YES;
				CLANG_WARN_ENUM_CONVERSION = YES;
				CLANG_WARN_INFINITE_RECURSION = YES;
				CLANG_WARN_INT_CONVERSION = YES;
				CLANG_WARN_OBJC_ROOT_CLASS = YES_ERROR;
				CLANG_WARN_SUSPICIOUS_MOVE = YES;
				CLANG_WARN_UNREACHABLE_CODE = YES;
				CLANG_WARN__DUPLICATE_METHOD_MATCH = YES;
				"CODE_SIGN_IDENTITY[sdk=iphoneos*]" = "iPhone Developer";
				COPY_PHASE_STRIP = NO;
				DEBUG_INFORMATION_FORMAT = "dwarf-with-dsym";
				ENABLE_NS_ASSERTIONS = NO;
				ENABLE_STRICT_OBJC_MSGSEND = YES;
				GCC_C_LANGUAGE_STANDARD = gnu99;
				GCC_NO_COMMON_BLOCKS = YES;
				GCC_WARN_64_TO_32_BIT_CONVERSION = YES;
				GCC_WARN_ABOUT_RETURN_TYPE = YES_ERROR;
				GCC_WARN_UNDECLARED_SELECTOR = YES;
				GCC_WARN_UNINITIALIZED_AUTOS = YES_AGGRESSIVE;
				GCC_WARN_UNUSED_FUNCTION = YES;
				GCC_WARN_UNUSED_VARIABLE = YES;
				IPHONEOS_DEPLOYMENT_TARGET = 10.2;
				MTL_ENABLE_DEBUG_INFO = NO;
				SDKROOT = iphoneos;
				SWIFT_OPTIMIZATION_LEVEL = "-Owholemodule";
				TARGETED_DEVICE_FAMILY = "1,2";
				VALIDATE_PRODUCT = YES;
			};
			name = Release;
		};
		2BF47F6D20E4E8D10044E886 /* Debug */ = {
			isa = XCBuildConfiguration;
			buildSettings = {
				ASSETCATALOG_COMPILER_APPICON_NAME = AppIcon;
				INFOPLIST_FILE = "quadratic equation solver/Info.plist";
				LD_RUNPATH_SEARCH_PATHS = "$(inherited) @executable_path/Frameworks";
				PRODUCT_BUNDLE_IDENTIFIER = "com.shalabyapps.quadratic-equation-solver";
				PRODUCT_NAME = "$(TARGET_NAME)";
				SWIFT_VERSION = 3.0;
			};
			name = Debug;
		};
		2BF47F6E20E4E8D10044E886 /* Release */ = {
			isa = XCBuildConfiguration;
			buildSettings = {
				ASSETCATALOG_COMPILER_APPICON_NAME = AppIcon;
				INFOPLIST_FILE = "quadratic equation solver/Info.plist";
				LD_RUNPATH_SEARCH_PATHS = "$(inherited) @executable_path/Frameworks";
				PRODUCT_BUNDLE_IDENTIFIER = "com.shalabyapps.quadratic-equation-solver";
				PRODUCT_NAME = "$(TARGET_NAME)";
				SWIFT_VERSION = 3.0;
			};
			name = Release;
		};
		2BF47F7020E4E8D10044E886 /* Debug */ = {
			isa = XCBuildConfiguration;
			buildSettings = {
				ALWAYS_EMBED_SWIFT_STANDARD_LIBRARIES = YES;
				BUNDLE_LOADER = "$(TEST_HOST)";
				INFOPLIST_FILE = "quadratic equation solverTests/Info.plist";
				LD_RUNPATH_SEARCH_PATHS = "$(inherited) @executable_path/Frameworks @loader_path/Frameworks";
				PRODUCT_BUNDLE_IDENTIFIER = "com.shalabyapps.quadratic-equation-solverTests";
				PRODUCT_NAME = "$(TARGET_NAME)";
				SWIFT_VERSION = 3.0;
				TEST_HOST = "$(BUILT_PRODUCTS_DIR)/quadratic equation solver.app/quadratic equation solver";
			};
			name = Debug;
		};
		2BF47F7120E4E8D10044E886 /* Release */ = {
			isa = XCBuildConfiguration;
			buildSettings = {
				ALWAYS_EMBED_SWIFT_STANDARD_LIBRARIES = YES;
				BUNDLE_LOADER = "$(TEST_HOST)";
				INFOPLIST_FILE = "quadratic equation solverTests/Info.plist";
				LD_RUNPATH_SEARCH_PATHS = "$(inherited) @executable_path/Frameworks @loader_path/Frameworks";
				PRODUCT_BUNDLE_IDENTIFIER = "com.shalabyapps.quadratic-equation-solverTests";
				PRODUCT_NAME = "$(TARGET_NAME)";
				SWIFT_VERSION = 3.0;
				TEST_HOST = "$(BUILT_PRODUCTS_DIR)/quadratic equation solver.app/quadratic equation solver";
			};
			name = Release;
		};
		2BF47F7320E4E8D10044E886 /* Debug */ = {
			isa = XCBuildConfiguration;
			buildSettings = {
				ALWAYS_EMBED_SWIFT_STANDARD_LIBRARIES = YES;
				INFOPLIST_FILE = "quadratic equation solverUITests/Info.plist";
				LD_RUNPATH_SEARCH_PATHS = "$(inherited) @executable_path/Frameworks @loader_path/Frameworks";
				PRODUCT_BUNDLE_IDENTIFIER = "com.shalabyapps.quadratic-equation-solverUITests";
				PRODUCT_NAME = "$(TARGET_NAME)";
				SWIFT_VERSION = 3.0;
				TEST_TARGET_NAME = "quadratic equation solver";
			};
			name = Debug;
		};
		2BF47F7420E4E8D10044E886 /* Release */ = {
			isa = XCBuildConfiguration;
			buildSettings = {
				ALWAYS_EMBED_SWIFT_STANDARD_LIBRARIES = YES;
				INFOPLIST_FILE = "quadratic equation solverUITests/Info.plist";
				LD_RUNPATH_SEARCH_PATHS = "$(inherited) @executable_path/Frameworks @loader_path/Frameworks";
				PRODUCT_BUNDLE_IDENTIFIER = "com.shalabyapps.quadratic-equation-solverUITests";
				PRODUCT_NAME = "$(TARGET_NAME)";
				SWIFT_VERSION = 3.0;
				TEST_TARGET_NAME = "quadratic equation solver";
			};
			name = Release;
		};
/* End XCBuildConfiguration section */

/* Begin XCConfigurationList section */
		2BF47F3F20E4E8D10044E886 /* Build configuration list for PBXProject "quadratic equation solver" */ = {
			isa = XCConfigurationList;
			buildConfigurations = (
				2BF47F6A20E4E8D10044E886 /* Debug */,
				2BF47F6B20E4E8D10044E886 /* Release */,
			);
			defaultConfigurationIsVisible = 0;
			defaultConfigurationName = Release;
		};
		2BF47F6C20E4E8D10044E886 /* Build configuration list for PBXNativeTarget "quadratic equation solver" */ = {
			isa = XCConfigurationList;
			buildConfigurations = (
				2BF47F6D20E4E8D10044E886 /* Debug */,
				2BF47F6E20E4E8D10044E886 /* Release */,
			);
			defaultConfigurationIsVisible = 0;
		};
		2BF47F6F20E4E8D10044E886 /* Build configuration list for PBXNativeTarget "quadratic equation solverTests" */ = {
			isa = XCConfigurationList;
			buildConfigurations = (
				2BF47F7020E4E8D10044E886 /* Debug */,
				2BF47F7120E4E8D10044E886 /* Release */,
			);
			defaultConfigurationIsVisible = 0;
		};
		2BF47F7220E4E8D10044E886 /* Build configuration list for PBXNativeTarget "quadratic equation solverUITests" */ = {
			isa = XCConfigurationList;
			buildConfigurations = (
				2BF47F7320E4E8D10044E886 /* Debug */,
				2BF47F7420E4E8D10044E886 /* Release */,
			);
			defaultConfigurationIsVisible = 0;
		};
/* End XCConfigurationList section */
	};
	rootObject = 2BF47F3C20E4E8D10044E886 /* Project object */;
}
